
Microsoft Visual Studio Solution File, Format Version 12.00
# Visual Studio Version 17
VisualStudioVersion = 17.4.33110.190
MinimumVisualStudioVersion = 10.0.40219.1
Project("{FAE04EC0-301F-11D3-BF4B-00C04F79EFBC}") = "Api", "Api\Api.csproj", "{94AB9CC4-2FC6-4E8C-A884-FD886BE31F67}"
EndProject
Project("{FAE04EC0-301F-11D3-BF4B-00C04F79EFBC}") = "Data", "Data\Data.csproj", "{3F436365-3473-4394-8029-79F3D008FB61}"
EndProject
Project("{E53339B2-1760-4266-BCC7-CA923CBCF16C}") = "docker-compose", "docker-compose.dcproj", "{2750E744-5DF8-4D91-8C10-31A8F7D5D45C}"
EndProject
Global
	GlobalSection(SolutionConfigurationPlatforms) = preSolution
		Debug|Any CPU = Debug|Any CPU
		Release|Any CPU = Release|Any CPU
	EndGlobalSection
	GlobalSection(ProjectConfigurationPlatforms) = postSolution
		{94AB9CC4-2FC6-4E8C-A884-FD886BE31F67}.Debug|Any CPU.ActiveCfg = Debug|Any CPU
		{94AB9CC4-2FC6-4E8C-A884-FD886BE31F67}.Debug|Any CPU.Build.0 = Debug|Any CPU
		{94AB9CC4-2FC6-4E8C-A884-FD886BE31F67}.Release|Any CPU.ActiveCfg = Release|Any CPU
		{94AB9CC4-2FC6-4E8C-A884-FD886BE31F67}.Release|Any CPU.Build.0 = Release|Any CPU
		{3F436365-3473-4394-8029-79F3D008FB61}.Debug|Any CPU.ActiveCfg = Debug|Any CPU
		{3F436365-3473-4394-8029-79F3D008FB61}.Debug|Any CPU.Build.0 = Debug|Any CPU
		{3F436365-3473-4394-8029-79F3D008FB61}.Release|Any CPU.ActiveCfg = Release|Any CPU
		{3F436365-3473-4394-8029-79F3D008FB61}.Release|Any CPU.Build.0 = Release|Any CPU
		{2750E744-5DF8-4D91-8C10-31A8F7D5D45C}.Debug|Any CPU.ActiveCfg = Debug|Any CPU
		{2750E744-5DF8-4D91-8C10-31A8F7D5D45C}.Debug|Any CPU.Build.0 = Debug|Any CPU
		{2750E744-5DF8-4D91-8C10-31A8F7D5D45C}.Release|Any CPU.ActiveCfg = Release|Any CPU
		{2750E744-5DF8-4D91-8C10-31A8F7D5D45C}.Release|Any CPU.Build.0 = Release|Any CPU
	EndGlobalSection
	GlobalSection(SolutionProperties) = preSolution
		HideSolutionNode = FALSE
	EndGlobalSection
	GlobalSection(ExtensibilityGlobals) = postSolution
		SolutionGuid = {43B1E0EA-76EA-48DF-98E6-0FDE79DB8EC9}
	EndGlobalSection
EndGlobal
